
Microsoft Visual Studio Solution File, Format Version 12.00
# Visual Studio Version 17
VisualStudioVersion = 17.9.34701.34
MinimumVisualStudioVersion = 10.0.40219.1
Project("{FAE04EC0-301F-11D3-BF4B-00C04F79EFBC}") = "Test", "Test\Test.csproj", "{F269452C-706A-4B90-9F21-9311A4875A11}"
EndProject
Project("{FAE04EC0-301F-11D3-BF4B-00C04F79EFBC}") = "Entidades", "Entidades\Entidades.csproj", "{BFD2897D-929F-4014-8C7F-88B982CF4AFC}"
EndProject
Global
	GlobalSection(SolutionConfigurationPlatforms) = preSolution
		Debug|Any CPU = Debug|Any CPU
		Release|Any CPU = Release|Any CPU
	EndGlobalSection
	GlobalSection(ProjectConfigurationPlatforms) = postSolution
		{F269452C-706A-4B90-9F21-9311A4875A11}.Debug|Any CPU.ActiveCfg = Debug|Any CPU
		{F269452C-706A-4B90-9F21-9311A4875A11}.Debug|Any CPU.Build.0 = Debug|Any CPU
		{F269452C-706A-4B90-9F21-9311A4875A11}.Release|Any CPU.ActiveCfg = Release|Any CPU
		{F269452C-706A-4B90-9F21-9311A4875A11}.Release|Any CPU.Build.0 = Release|Any CPU
		{BFD2897D-929F-4014-8C7F-88B982CF4AFC}.Debug|Any CPU.ActiveCfg = Debug|Any CPU
		{BFD2897D-929F-4014-8C7F-88B982CF4AFC}.Debug|Any CPU.Build.0 = Debug|Any CPU
		{BFD2897D-929F-4014-8C7F-88B982CF4AFC}.Release|Any CPU.ActiveCfg = Release|Any CPU
		{BFD2897D-929F-4014-8C7F-88B982CF4AFC}.Release|Any CPU.Build.0 = Release|Any CPU
	EndGlobalSection
	GlobalSection(SolutionProperties) = preSolution
		HideSolutionNode = FALSE
	EndGlobalSection
	GlobalSection(ExtensibilityGlobals) = postSolution
		SolutionGuid = {578616A9-FEF0-4C5F-A8AE-10555AF5A06F}
	EndGlobalSection
EndGlobal
